// !$*UTF8*$!
{
	archiveVersion = 1;
	classes = {
	};
	objectVersion = 77;
	objects = {

/* Begin PBXContainerItemProxy section */
		8406188D2D45679E00F2D02E /* PBXContainerItemProxy */ = {
			isa = PBXContainerItemProxy;
			containerPortal = 840618742D45679A00F2D02E /* Project object */;
			proxyType = 1;
			remoteGlobalIDString = 8406187B2D45679A00F2D02E;
			remoteInfo = iOSAPP;
		};
		840618972D45679E00F2D02E /* PBXContainerItemProxy */ = {
			isa = PBXContainerItemProxy;
			containerPortal = 840618742D45679A00F2D02E /* Project object */;
			proxyType = 1;
			remoteGlobalIDString = 8406187B2D45679A00F2D02E;
			remoteInfo = iOSAPP;
		};
/* End PBXContainerItemProxy section */

/* Begin PBXFileReference section */
		8406187C2D45679A00F2D02E /* iOSAPP.app */ = {isa = PBXFileReference; explicitFileType = wrapper.application; includeInIndex = 0; path = iOSAPP.app; sourceTree = BUILT_PRODUCTS_DIR; };
		8406188C2D45679E00F2D02E /* iOSAPPTests.xctest */ = {isa = PBXFileReference; explicitFileType = wrapper.cfbundle; includeInIndex = 0; path = iOSAPPTests.xctest; sourceTree = BUILT_PRODUCTS_DIR; };
		840618962D45679E00F2D02E /* iOSAPPUITests.xctest */ = {isa = PBXFileReference; explicitFileType = wrapper.cfbundle; includeInIndex = 0; path = iOSAPPUITests.xctest; sourceTree = BUILT_PRODUCTS_DIR; };
/* End PBXFileReference section */

/* Begin PBXFileSystemSynchronizedBuildFileExceptionSet section */
		84FCCE682D47469200893EAA /* Exceptions for "iOSAPP" folder in "iOSAPP" target */ = {
			isa = PBXFileSystemSynchronizedBuildFileExceptionSet;
			membershipExceptions = (
				Info.plist,
			);
			target = 8406187B2D45679A00F2D02E /* iOSAPP */;
		};
/* End PBXFileSystemSynchronizedBuildFileExceptionSet section */

/* Begin PBXFileSystemSynchronizedRootGroup section */
		8406187E2D45679A00F2D02E /* iOSAPP */ = {
			isa = PBXFileSystemSynchronizedRootGroup;
			exceptions = (
				84FCCE682D47469200893EAA /* Exceptions for "iOSAPP" folder in "iOSAPP" target */,
			);
			path = iOSAPP;
			sourceTree = "<group>";
		};
		8406188F2D45679E00F2D02E /* iOSAPPTests */ = {
			isa = PBXFileSystemSynchronizedRootGroup;
			path = iOSAPPTests;
			sourceTree = "<group>";
		};
		840618992D45679E00F2D02E /* iOSAPPUITests */ = {
			isa = PBXFileSystemSynchronizedRootGroup;
			path = iOSAPPUITests;
			sourceTree = "<group>";
		};
/* End PBXFileSystemSynchronizedRootGroup section */

/* Begin PBXFrameworksBuildPhase section */
		840618792D45679A00F2D02E /* Frameworks */ = {
			isa = PBXFrameworksBuildPhase;
			buildActionMask = 2147483647;
			files = (
			);
			runOnlyForDeploymentPostprocessing = 0;
		};
		840618892D45679E00F2D02E /* Frameworks */ = {
			isa = PBXFrameworksBuildPhase;
			buildActionMask = 2147483647;
			files = (
			);
			runOnlyForDeploymentPostprocessing = 0;
		};
		840618932D45679E00F2D02E /* Frameworks */ = {
			isa = PBXFrameworksBuildPhase;
			buildActionMask = 2147483647;
			files = (
			);
			runOnlyForDeploymentPostprocessing = 0;
		};
/* End PBXFrameworksBuildPhase section */

/* Begin PBXGroup section */
		840618732D45679A00F2D02E = {
			isa = PBXGroup;
			children = (
				8406187E2D45679A00F2D02E /* iOSAPP */,
				8406188F2D45679E00F2D02E /* iOSAPPTests */,
				840618992D45679E00F2D02E /* iOSAPPUITests */,
				8406187D2D45679A00F2D02E /* Products */,
			);
			sourceTree = "<group>";
		};
		8406187D2D45679A00F2D02E /* Products */ = {
			isa = PBXGroup;
			children = (
				8406187C2D45679A00F2D02E /* iOSAPP.app */,
				8406188C2D45679E00F2D02E /* iOSAPPTests.xctest */,
				840618962D45679E00F2D02E /* iOSAPPUITests.xctest */,
			);
			name = Products;
			sourceTree = "<group>";
		};
/* End PBXGroup section */

/* Begin PBXNativeTarget section */
		8406187B2D45679A00F2D02E /* iOSAPP */ = {
			isa = PBXNativeTarget;
			buildConfigurationList = 840618A02D45679E00F2D02E /* Build configuration list for PBXNativeTarget "iOSAPP" */;
			buildPhases = (
				840618782D45679A00F2D02E /* Sources */,
				840618792D45679A00F2D02E /* Frameworks */,
				8406187A2D45679A00F2D02E /* Resources */,
			);
			buildRules = (
			);
			dependencies = (
			);
			fileSystemSynchronizedGroups = (
				8406187E2D45679A00F2D02E /* iOSAPP */,
			);
			name = iOSAPP;
			packageProductDependencies = (
			);
			productName = iOSAPP;
			productReference = 8406187C2D45679A00F2D02E /* iOSAPP.app */;
			productType = "com.apple.product-type.application";
		};
		8406188B2D45679E00F2D02E /* iOSAPPTests */ = {
			isa = PBXNativeTarget;
			buildConfigurationList = 840618A32D45679E00F2D02E /* Build configuration list for PBXNativeTarget "iOSAPPTests" */;
			buildPhases = (
				840618882D45679E00F2D02E /* Sources */,
				840618892D45679E00F2D02E /* Frameworks */,
				8406188A2D45679E00F2D02E /* Resources */,
			);
			buildRules = (
			);
			dependencies = (
				8406188E2D45679E00F2D02E /* PBXTargetDependency */,
			);
			fileSystemSynchronizedGroups = (
				8406188F2D45679E00F2D02E /* iOSAPPTests */,
			);
			name = iOSAPPTests;
			packageProductDependencies = (
			);
			productName = iOSAPPTests;
			productReference = 8406188C2D45679E00F2D02E /* iOSAPPTests.xctest */;
			productType = "com.apple.product-type.bundle.unit-test";
		};
		840618952D45679E00F2D02E /* iOSAPPUITests */ = {
			isa = PBXNativeTarget;
			buildConfigurationList = 840618A62D45679E00F2D02E /* Build configuration list for PBXNativeTarget "iOSAPPUITests" */;
			buildPhases = (
				840618922D45679E00F2D02E /* Sources */,
				840618932D45679E00F2D02E /* Frameworks */,
				840618942D45679E00F2D02E /* Resources */,
			);
			buildRules = (
			);
			dependencies = (
				840618982D45679E00F2D02E /* PBXTargetDependency */,
			);
			fileSystemSynchronizedGroups = (
				840618992D45679E00F2D02E /* iOSAPPUITests */,
			);
			name = iOSAPPUITests;
			packageProductDependencies = (
			);
			productName = iOSAPPUITests;
			productReference = 840618962D45679E00F2D02E /* iOSAPPUITests.xctest */;
			productType = "com.apple.product-type.bundle.ui-testing";
		};
/* End PBXNativeTarget section */

/* Begin PBXProject section */
		840618742D45679A00F2D02E /* Project object */ = {
			isa = PBXProject;
			attributes = {
				BuildIndependentTargetsInParallel = 1;
				LastSwiftUpdateCheck = 1620;
				LastUpgradeCheck = 1620;
				TargetAttributes = {
					8406187B2D45679A00F2D02E = {
						CreatedOnToolsVersion = 16.2;
					};
					8406188B2D45679E00F2D02E = {
						CreatedOnToolsVersion = 16.2;
						TestTargetID = 8406187B2D45679A00F2D02E;
					};
					840618952D45679E00F2D02E = {
						CreatedOnToolsVersion = 16.2;
						TestTargetID = 8406187B2D45679A00F2D02E;
					};
				};
			};
			buildConfigurationList = 840618772D45679A00F2D02E /* Build configuration list for PBXProject "iOSAPP" */;
			developmentRegion = en;
			hasScannedForEncodings = 0;
			knownRegions = (
				en,
				Base,
			);
			mainGroup = 840618732D45679A00F2D02E;
			minimizedProjectReferenceProxies = 1;
			preferredProjectObjectVersion = 77;
			productRefGroup = 8406187D2D45679A00F2D02E /* Products */;
			projectDirPath = "";
			projectRoot = "";
			targets = (
				8406187B2D45679A00F2D02E /* iOSAPP */,
				8406188B2D45679E00F2D02E /* iOSAPPTests */,
				840618952D45679E00F2D02E /* iOSAPPUITests */,
			);
		};
/* End PBXProject section */

/* Begin PBXResourcesBuildPhase section */
		8406187A2D45679A00F2D02E /* Resources */ = {
			isa = PBXResourcesBuildPhase;
			buildActionMask = 2147483647;
			files = (
			);
			runOnlyForDeploymentPostprocessing = 0;
		};
		8406188A2D45679E00F2D02E /* Resources */ = {
			isa = PBXResourcesBuildPhase;
			buildActionMask = 2147483647;
			files = (
			);
			runOnlyForDeploymentPostprocessing = 0;
		};
		840618942D45679E00F2D02E /* Resources */ = {
			isa = PBXResourcesBuildPhase;
			buildActionMask = 2147483647;
			files = (
			);
			runOnlyForDeploymentPostprocessing = 0;
		};
/* End PBXResourcesBuildPhase section */

/* Begin PBXSourcesBuildPhase section */
		840618782D45679A00F2D02E /* Sources */ = {
			isa = PBXSourcesBuildPhase;
			buildActionMask = 2147483647;
			files = (
			);
			runOnlyForDeploymentPostprocessing = 0;
		};
		840618882D45679E00F2D02E /* Sources */ = {
			isa = PBXSourcesBuildPhase;
			buildActionMask = 2147483647;
			files = (
			);
			runOnlyForDeploymentPostprocessing = 0;
		};
		840618922D45679E00F2D02E /* Sources */ = {
			isa = PBXSourcesBuildPhase;
			buildActionMask = 2147483647;
			files = (
			);
			runOnlyForDeploymentPostprocessing = 0;
		};
/* End PBXSourcesBuildPhase section */

/* Begin PBXTargetDependency section */
		8406188E2D45679E00F2D02E /* PBXTargetDependency */ = {
			isa = PBXTargetDependency;
			target = 8406187B2D45679A00F2D02E /* iOSAPP */;
			targetProxy = 8406188D2D45679E00F2D02E /* PBXContainerItemProxy */;
		};
		840618982D45679E00F2D02E /* PBXTargetDependency */ = {
			isa = PBXTargetDependency;
			target = 8406187B2D45679A00F2D02E /* iOSAPP */;
			targetProxy = 840618972D45679E00F2D02E /* PBXContainerItemProxy */;
		};
/* End PBXTargetDependency section */

/* Begin XCBuildConfiguration section */
		8406189E2D45679E00F2D02E /* Debug */ = {
			isa = XCBuildConfiguration;
			buildSettings = {
				ALWAYS_SEARCH_USER_PATHS = NO;
				ASSETCATALOG_COMPILER_GENERATE_SWIFT_ASSET_SYMBOL_EXTENSIONS = YES;
				CLANG_ANALYZER_NONNULL = YES;
				CLANG_ANALYZER_NUMBER_OBJECT_CONVERSION = YES_AGGRESSIVE;
				CLANG_CXX_LANGUAGE_STANDARD = "gnu++20";
				CLANG_ENABLE_MODULES = YES;
				CLANG_ENABLE_OBJC_ARC = YES;
				CLANG_ENABLE_OBJC_WEAK = YES;
				CLANG_WARN_BLOCK_CAPTURE_AUTORELEASING = YES;
				CLANG_WARN_BOOL_CONVERSION = YES;
				CLANG_WARN_COMMA = YES;
				CLANG_WARN_CONSTANT_CONVERSION = YES;
				CLANG_WARN_DEPRECATED_OBJC_IMPLEMENTATIONS = YES;
				CLANG_WARN_DIRECT_OBJC_ISA_USAGE = YES_ERROR;
				CLANG_WARN_DOCUMENTATION_COMMENTS = YES;
				CLANG_WARN_EMPTY_BODY = YES;
				CLANG_WARN_ENUM_CONVERSION = YES;
				CLANG_WARN_INFINITE_RECURSION = YES;
				CLANG_WARN_INT_CONVERSION = YES;
				CLANG_WARN_NON_LITERAL_NULL_CONVERSION = YES;
				CLANG_WARN_OBJC_IMPLICIT_RETAIN_SELF = YES;
				CLANG_WARN_OBJC_LITERAL_CONVERSION = YES;
				CLANG_WARN_OBJC_ROOT_CLASS = YES_ERROR;
				CLANG_WARN_QUOTED_INCLUDE_IN_FRAMEWORK_HEADER = YES;
				CLANG_WARN_RANGE_LOOP_ANALYSIS = YES;
				CLANG_WARN_STRICT_PROTOTYPES = YES;
				CLANG_WARN_SUSPICIOUS_MOVE = YES;
				CLANG_WARN_UNGUARDED_AVAILABILITY = YES_AGGRESSIVE;
				CLANG_WARN_UNREACHABLE_CODE = YES;
				CLANG_WARN__DUPLICATE_METHOD_MATCH = YES;
				COPY_PHASE_STRIP = NO;
				DEBUG_INFORMATION_FORMAT = dwarf;
				ENABLE_STRICT_OBJC_MSGSEND = YES;
				ENABLE_TESTABILITY = YES;
				ENABLE_USER_SCRIPT_SANDBOXING = YES;
				GCC_C_LANGUAGE_STANDARD = gnu17;
				GCC_DYNAMIC_NO_PIC = NO;
				GCC_NO_COMMON_BLOCKS = YES;
				GCC_OPTIMIZATION_LEVEL = 0;
				GCC_PREPROCESSOR_DEFINITIONS = (
					"DEBUG=1",
					"$(inherited)",
				);
				GCC_WARN_64_TO_32_BIT_CONVERSION = YES;
				GCC_WARN_ABOUT_RETURN_TYPE = YES_ERROR;
				GCC_WARN_UNDECLARED_SELECTOR = YES;
				GCC_WARN_UNINITIALIZED_AUTOS = YES_AGGRESSIVE;
				GCC_WARN_UNUSED_FUNCTION = YES;
				GCC_WARN_UNUSED_VARIABLE = YES;
				IPHONEOS_DEPLOYMENT_TARGET = 18.2;
				LOCALIZATION_PREFERS_STRING_CATALOGS = YES;
				MTL_ENABLE_DEBUG_INFO = INCLUDE_SOURCE;
				MTL_FAST_MATH = YES;
				ONLY_ACTIVE_ARCH = YES;
				SDKROOT = iphoneos;
				SWIFT_ACTIVE_COMPILATION_CONDITIONS = "DEBUG $(inherited)";
				SWIFT_OPTIMIZATION_LEVEL = "-Onone";
			};
			name = Debug;
		};
		8406189F2D45679E00F2D02E /* Release */ = {
			isa = XCBuildConfiguration;
			buildSettings = {
				ALWAYS_SEARCH_USER_PATHS = NO;
				ASSETCATALOG_COMPILER_GENERATE_SWIFT_ASSET_SYMBOL_EXTENSIONS = YES;
				CLANG_ANALYZER_NONNULL = YES;
				CLANG_ANALYZER_NUMBER_OBJECT_CONVERSION = YES_AGGRESSIVE;
				CLANG_CXX_LANGUAGE_STANDARD = "gnu++20";
				CLANG_ENABLE_MODULES = YES;
				CLANG_ENABLE_OBJC_ARC = YES;
				CLANG_ENABLE_OBJC_WEAK = YES;
				CLANG_WARN_BLOCK_CAPTURE_AUTORELEASING = YES;
				CLANG_WARN_BOOL_CONVERSION = YES;
				CLANG_WARN_COMMA = YES;
				CLANG_WARN_CONSTANT_CONVERSION = YES;
				CLANG_WARN_DEPRECATED_OBJC_IMPLEMENTATIONS = YES;
				CLANG_WARN_DIRECT_OBJC_ISA_USAGE = YES_ERROR;
				CLANG_WARN_DOCUMENTATION_COMMENTS = YES;
				CLANG_WARN_EMPTY_BODY = YES;
				CLANG_WARN_ENUM_CONVERSION = YES;
				CLANG_WARN_INFINITE_RECURSION = YES;
				CLANG_WARN_INT_CONVERSION = YES;
				CLANG_WARN_NON_LITERAL_NULL_CONVERSION = YES;
				CLANG_WARN_OBJC_IMPLICIT_RETAIN_SELF = YES;
				CLANG_WARN_OBJC_LITERAL_CONVERSION = YES;
				CLANG_WARN_OBJC_ROOT_CLASS = YES_ERROR;
				CLANG_WARN_QUOTED_INCLUDE_IN_FRAMEWORK_HEADER = YES;
				CLANG_WARN_RANGE_LOOP_ANALYSIS = YES;
				CLANG_WARN_STRICT_PROTOTYPES = YES;
				CLANG_WARN_SUSPICIOUS_MOVE = YES;
				CLANG_WARN_UNGUARDED_AVAILABILITY = YES_AGGRESSIVE;
				CLANG_WARN_UNREACHABLE_CODE = YES;
				CLANG_WARN__DUPLICATE_METHOD_MATCH = YES;
				COPY_PHASE_STRIP = NO;
				DEBUG_INFORMATION_FORMAT = "dwarf-with-dsym";
				ENABLE_NS_ASSERTIONS = NO;
				ENABLE_STRICT_OBJC_MSGSEND = YES;
				ENABLE_USER_SCRIPT_SANDBOXING = YES;
				GCC_C_LANGUAGE_STANDARD = gnu17;
				GCC_NO_COMMON_BLOCKS = YES;
				GCC_WARN_64_TO_32_BIT_CONVERSION = YES;
				GCC_WARN_ABOUT_RETURN_TYPE = YES_ERROR;
				GCC_WARN_UNDECLARED_SELECTOR = YES;
				GCC_WARN_UNINITIALIZED_AUTOS = YES_AGGRESSIVE;
				GCC_WARN_UNUSED_FUNCTION = YES;
				GCC_WARN_UNUSED_VARIABLE = YES;
				IPHONEOS_DEPLOYMENT_TARGET = 18.2;
				LOCALIZATION_PREFERS_STRING_CATALOGS = YES;
				MTL_ENABLE_DEBUG_INFO = NO;
				MTL_FAST_MATH = YES;
				SDKROOT = iphoneos;
				SWIFT_COMPILATION_MODE = wholemodule;
				VALIDATE_PRODUCT = YES;
			};
			name = Release;
		};
		840618A12D45679E00F2D02E /* Debug */ = {
			isa = XCBuildConfiguration;
			buildSettings = {
				ASSETCATALOG_COMPILER_APPICON_NAME = AppIcon;
				ASSETCATALOG_COMPILER_GLOBAL_ACCENT_COLOR_NAME = AccentColor;
				CODE_SIGN_STYLE = Automatic;
				CURRENT_PROJECT_VERSION = 1;
				DEVELOPMENT_ASSET_PATHS = "\"iOSAPP/Preview Content\"";
				ENABLE_PREVIEWS = YES;
				GENERATE_INFOPLIST_FILE = YES;
				INFOPLIST_FILE = iOSAPP/Info.plist;
				INFOPLIST_KEY_UIApplicationSceneManifest_Generation = YES;
				INFOPLIST_KEY_UIApplicationSupportsIndirectInputEvents = YES;
				INFOPLIST_KEY_UILaunchScreen_Generation = YES;
				INFOPLIST_KEY_UISupportedInterfaceOrientations_iPad = "UIInterfaceOrientationPortrait UIInterfaceOrientationPortraitUpsideDown UIInterfaceOrientationLandscapeLeft UIInterfaceOrientationLandscapeRight";
				INFOPLIST_KEY_UISupportedInterfaceOrientations_iPhone = "UIInterfaceOrientationPortrait UIInterfaceOrientationLandscapeLeft UIInterfaceOrientationLandscapeRight";
				LD_RUNPATH_SEARCH_PATHS = (
					"$(inherited)",
					"@executable_path/Frameworks",
				);
				MARKETING_VERSION = 1.0;
				PRODUCT_BUNDLE_IDENTIFIER = DevvAlchemy.iOSAPP;
				PRODUCT_NAME = "$(TARGET_NAME)";
				SWIFT_EMIT_LOC_STRINGS = YES;
				SWIFT_VERSION = 5.0;
				TARGETED_DEVICE_FAMILY = "1,2";
			};
			name = Debug;
		};
		840618A22D45679E00F2D02E /* Release */ = {
			isa = XCBuildConfiguration;
			buildSettings = {
				ASSETCATALOG_COMPILER_APPICON_NAME = AppIcon;
				ASSETCATALOG_COMPILER_GLOBAL_ACCENT_COLOR_NAME = AccentColor;
				CODE_SIGN_STYLE = Automatic;
				CURRENT_PROJECT_VERSION = 1;
				DEVELOPMENT_ASSET_PATHS = "\"iOSAPP/Preview Content\"";
				ENABLE_PREVIEWS = YES;
				GENERATE_INFOPLIST_FILE = YES;
				INFOPLIST_FILE = iOSAPP/Info.plist;
				INFOPLIST_KEY_UIApplicationSceneManifest_Generation = YES;
				INFOPLIST_KEY_UIApplicationSupportsIndirectInputEvents = YES;
				INFOPLIST_KEY_UILaunchScreen_Generation = YES;
				INFOPLIST_KEY_UISupportedInterfaceOrientations_iPad = "UIInterfaceOrientationPortrait UIInterfaceOrientationPortraitUpsideDown UIInterfaceOrientationLandscapeLeft UIInterfaceOrientationLandscapeRight";
				INFOPLIST_KEY_UISupportedInterfaceOrientations_iPhone = "UIInterfaceOrientationPortrait UIInterfaceOrientationLandscapeLeft UIInterfaceOrientationLandscapeRight";
				LD_RUNPATH_SEARCH_PATHS = (
					"$(inherited)",
					"@executable_path/Frameworks",
				);
				MARKETING_VERSION = 1.0;
				PRODUCT_BUNDLE_IDENTIFIER = DevvAlchemy.iOSAPP;
				PRODUCT_NAME = "$(TARGET_NAME)";
				SWIFT_EMIT_LOC_STRINGS = YES;
				SWIFT_VERSION = 5.0;
				TARGETED_DEVICE_FAMILY = "1,2";
			};
			name = Release;
		};
		840618A42D45679E00F2D02E /* Debug */ = {
			isa = XCBuildConfiguration;
			buildSettings = {
				BUNDLE_LOADER = "$(TEST_HOST)";
				CODE_SIGN_STYLE = Automatic;
				CURRENT_PROJECT_VERSION = 1;
				GENERATE_INFOPLIST_FILE = YES;
				IPHONEOS_DEPLOYMENT_TARGET = 18.2;
				MARKETING_VERSION = 1.0;
				PRODUCT_BUNDLE_IDENTIFIER = DevvAlchemy.iOSAPPTests;
				PRODUCT_NAME = "$(TARGET_NAME)";
				SWIFT_EMIT_LOC_STRINGS = NO;
				SWIFT_VERSION = 5.0;
				TARGETED_DEVICE_FAMILY = "1,2";
				TEST_HOST = "$(BUILT_PRODUCTS_DIR)/iOSAPP.app/$(BUNDLE_EXECUTABLE_FOLDER_PATH)/iOSAPP";
			};
			name = Debug;
		};
		840618A52D45679E00F2D02E /* Release */ = {
			isa = XCBuildConfiguration;
			buildSettings = {
				BUNDLE_LOADER = "$(TEST_HOST)";
				CODE_SIGN_STYLE = Automatic;
				CURRENT_PROJECT_VERSION = 1;
				GENERATE_INFOPLIST_FILE = YES;
				IPHONEOS_DEPLOYMENT_TARGET = 18.2;
				MARKETING_VERSION = 1.0;
				PRODUCT_BUNDLE_IDENTIFIER = DevvAlchemy.iOSAPPTests;
				PRODUCT_NAME = "$(TARGET_NAME)";
				SWIFT_EMIT_LOC_STRINGS = NO;
				SWIFT_VERSION = 5.0;
				TARGETED_DEVICE_FAMILY = "1,2";
				TEST_HOST = "$(BUILT_PRODUCTS_DIR)/iOSAPP.app/$(BUNDLE_EXECUTABLE_FOLDER_PATH)/iOSAPP";
			};
			name = Release;
		};
		840618A72D45679E00F2D02E /* Debug */ = {
			isa = XCBuildConfiguration;
			buildSettings = {
				CODE_SIGN_STYLE = Automatic;
				CURRENT_PROJECT_VERSION = 1;
				GENERATE_INFOPLIST_FILE = YES;
				MARKETING_VERSION = 1.0;
				PRODUCT_BUNDLE_IDENTIFIER = DevvAlchemy.iOSAPPUITests;
				PRODUCT_NAME = "$(TARGET_NAME)";
				SWIFT_EMIT_LOC_STRINGS = NO;
				SWIFT_VERSION = 5.0;
				TARGETED_DEVICE_FAMILY = "1,2";
				TEST_TARGET_NAME = iOSAPP;
			};
			name = Debug;
		};
		840618A82D45679E00F2D02E /* Release */ = {
			isa = XCBuildConfiguration;
			buildSettings = {
				CODE_SIGN_STYLE = Automatic;
				CURRENT_PROJECT_VERSION = 1;
				GENERATE_INFOPLIST_FILE = YES;
				MARKETING_VERSION = 1.0;
				PRODUCT_BUNDLE_IDENTIFIER = DevvAlchemy.iOSAPPUITests;
				PRODUCT_NAME = "$(TARGET_NAME)";
				SWIFT_EMIT_LOC_STRINGS = NO;
				SWIFT_VERSION = 5.0;
				TARGETED_DEVICE_FAMILY = "1,2";
				TEST_TARGET_NAME = iOSAPP;
			};
			name = Release;
		};
/* End XCBuildConfiguration section */

/* Begin XCConfigurationList section */
		840618772D45679A00F2D02E /* Build configuration list for PBXProject "iOSAPP" */ = {
			isa = XCConfigurationList;
			buildConfigurations = (
				8406189E2D45679E00F2D02E /* Debug */,
				8406189F2D45679E00F2D02E /* Release */,
			);
			defaultConfigurationIsVisible = 0;
			defaultConfigurationName = Release;
		};
		840618A02D45679E00F2D02E /* Build configuration list for PBXNativeTarget "iOSAPP" */ = {
			isa = XCConfigurationList;
			buildConfigurations = (
				840618A12D45679E00F2D02E /* Debug */,
				840618A22D45679E00F2D02E /* Release */,
			);
			defaultConfigurationIsVisible = 0;
			defaultConfigurationName = Release;
		};
		840618A32D45679E00F2D02E /* Build configuration list for PBXNativeTarget "iOSAPPTests" */ = {
			isa = XCConfigurationList;
			buildConfigurations = (
				840618A42D45679E00F2D02E /* Debug */,
				840618A52D45679E00F2D02E /* Release */,
			);
			defaultConfigurationIsVisible = 0;
			defaultConfigurationName = Release;
		};
		840618A62D45679E00F2D02E /* Build configuration list for PBXNativeTarget "iOSAPPUITests" */ = {
			isa = XCConfigurationList;
			buildConfigurations = (
				840618A72D45679E00F2D02E /* Debug */,
				840618A82D45679E00F2D02E /* Release */,
			);
			defaultConfigurationIsVisible = 0;
			defaultConfigurationName = Release;
		};
/* End XCConfigurationList section */
	};
	rootObject = 840618742D45679A00F2D02E /* Project object */;
}
